
Microsoft Visual Studio Solution File, Format Version 12.00
# Visual Studio Version 17
VisualStudioVersion = 17.0.31919.166
MinimumVisualStudioVersion = 10.0.40219.1
Project("{FAE04EC0-301F-11D3-BF4B-00C04F79EFBC}") = "Northwind.WebApi", "Northwind.WebApi\Northwind.WebApi.csproj", "{3593B1DA-0085-48BE-A315-1CD8449B67A6}"
EndProject
Project("{FAE04EC0-301F-11D3-BF4B-00C04F79EFBC}") = "Northwind.Common.EntityModels.SqlServer", "..\Northwind.Common.EntityModels.SqlServer\Northwind.Common.EntityModels.SqlServer.csproj", "{3E02D5C3-2295-4D64-BCA8-C695B9DA8902}"
EndProject
Project("{FAE04EC0-301F-11D3-BF4B-00C04F79EFBC}") = "Northwind.Common.DataContext.SqlServer", "..\Northwind.Common.DataContext.SqlServer\Northwind.Common.DataContext.SqlServer.csproj", "{22DB4A3D-D85B-476B-85AF-5AAB00E2A08D}"
EndProject
Project("{FAE04EC0-301F-11D3-BF4B-00C04F79EFBC}") = "Northwind.Mvc", "Northwind.Mvc\Northwind.Mvc.csproj", "{07E3DAE3-86C1-4F21-8416-4D9F7699F2E0}"
EndProject
Global
	GlobalSection(SolutionConfigurationPlatforms) = preSolution
		Debug|Any CPU = Debug|Any CPU
		Release|Any CPU = Release|Any CPU
	EndGlobalSection
	GlobalSection(ProjectConfigurationPlatforms) = postSolution
		{3593B1DA-0085-48BE-A315-1CD8449B67A6}.Debug|Any CPU.ActiveCfg = Debug|Any CPU
		{3593B1DA-0085-48BE-A315-1CD8449B67A6}.Debug|Any CPU.Build.0 = Debug|Any CPU
		{3593B1DA-0085-48BE-A315-1CD8449B67A6}.Release|Any CPU.ActiveCfg = Release|Any CPU
		{3593B1DA-0085-48BE-A315-1CD8449B67A6}.Release|Any CPU.Build.0 = Release|Any CPU
		{3E02D5C3-2295-4D64-BCA8-C695B9DA8902}.Debug|Any CPU.ActiveCfg = Debug|Any CPU
		{3E02D5C3-2295-4D64-BCA8-C695B9DA8902}.Debug|Any CPU.Build.0 = Debug|Any CPU
		{3E02D5C3-2295-4D64-BCA8-C695B9DA8902}.Release|Any CPU.ActiveCfg = Release|Any CPU
		{3E02D5C3-2295-4D64-BCA8-C695B9DA8902}.Release|Any CPU.Build.0 = Release|Any CPU
		{22DB4A3D-D85B-476B-85AF-5AAB00E2A08D}.Debug|Any CPU.ActiveCfg = Debug|Any CPU
		{22DB4A3D-D85B-476B-85AF-5AAB00E2A08D}.Debug|Any CPU.Build.0 = Debug|Any CPU
		{22DB4A3D-D85B-476B-85AF-5AAB00E2A08D}.Release|Any CPU.ActiveCfg = Release|Any CPU
		{22DB4A3D-D85B-476B-85AF-5AAB00E2A08D}.Release|Any CPU.Build.0 = Release|Any CPU
		{07E3DAE3-86C1-4F21-8416-4D9F7699F2E0}.Debug|Any CPU.ActiveCfg = Debug|Any CPU
		{07E3DAE3-86C1-4F21-8416-4D9F7699F2E0}.Debug|Any CPU.Build.0 = Debug|Any CPU
		{07E3DAE3-86C1-4F21-8416-4D9F7699F2E0}.Release|Any CPU.ActiveCfg = Release|Any CPU
		{07E3DAE3-86C1-4F21-8416-4D9F7699F2E0}.Release|Any CPU.Build.0 = Release|Any CPU
	EndGlobalSection
	GlobalSection(SolutionProperties) = preSolution
		HideSolutionNode = FALSE
	EndGlobalSection
	GlobalSection(ExtensibilityGlobals) = postSolution
		SolutionGuid = {B8053169-FE45-480F-A538-3848382F92B3}
	EndGlobalSection
EndGlobal
